
Microsoft Visual Studio Solution File, Format Version 12.00
# Visual Studio Version 17
VisualStudioVersion = 17.9.34723.18
MinimumVisualStudioVersion = 10.0.40219.1
Project("{FAE04EC0-301F-11D3-BF4B-00C04F79EFBC}") = "EstruturaRepet3", "EstruturaRepet3\EstruturaRepet3.csproj", "{750F5261-F039-482B-B535-71D94F644A47}"
EndProject
Global
	GlobalSection(SolutionConfigurationPlatforms) = preSolution
		Debug|Any CPU = Debug|Any CPU
		Release|Any CPU = Release|Any CPU
	EndGlobalSection
	GlobalSection(ProjectConfigurationPlatforms) = postSolution
		{750F5261-F039-482B-B535-71D94F644A47}.Debug|Any CPU.ActiveCfg = Debug|Any CPU
		{750F5261-F039-482B-B535-71D94F644A47}.Debug|Any CPU.Build.0 = Debug|Any CPU
		{750F5261-F039-482B-B535-71D94F644A47}.Release|Any CPU.ActiveCfg = Release|Any CPU
		{750F5261-F039-482B-B535-71D94F644A47}.Release|Any CPU.Build.0 = Release|Any CPU
	EndGlobalSection
	GlobalSection(SolutionProperties) = preSolution
		HideSolutionNode = FALSE
	EndGlobalSection
	GlobalSection(ExtensibilityGlobals) = postSolution
		SolutionGuid = {C205EE79-99E2-4F46-97CA-8606B3A4AD1A}
	EndGlobalSection
EndGlobal
