
Microsoft Visual Studio Solution File, Format Version 12.00
# Visual Studio Version 17
VisualStudioVersion = 17.9.34723.18
MinimumVisualStudioVersion = 10.0.40219.1
Project("{FAE04EC0-301F-11D3-BF4B-00C04F79EFBC}") = "cond1", "cond1\cond1.csproj", "{33505DEA-7441-4477-90C0-AFAA2E3A4D5A}"
EndProject
Global
	GlobalSection(SolutionConfigurationPlatforms) = preSolution
		Debug|Any CPU = Debug|Any CPU
		Release|Any CPU = Release|Any CPU
	EndGlobalSection
	GlobalSection(ProjectConfigurationPlatforms) = postSolution
		{33505DEA-7441-4477-90C0-AFAA2E3A4D5A}.Debug|Any CPU.ActiveCfg = Debug|Any CPU
		{33505DEA-7441-4477-90C0-AFAA2E3A4D5A}.Debug|Any CPU.Build.0 = Debug|Any CPU
		{33505DEA-7441-4477-90C0-AFAA2E3A4D5A}.Release|Any CPU.ActiveCfg = Release|Any CPU
		{33505DEA-7441-4477-90C0-AFAA2E3A4D5A}.Release|Any CPU.Build.0 = Release|Any CPU
	EndGlobalSection
	GlobalSection(SolutionProperties) = preSolution
		HideSolutionNode = FALSE
	EndGlobalSection
	GlobalSection(ExtensibilityGlobals) = postSolution
		SolutionGuid = {5075BC5E-7EB1-45BC-A4A5-697B630FE2B6}
	EndGlobalSection
EndGlobal
