
Microsoft Visual Studio Solution File, Format Version 12.00
# Visual Studio Version 17
VisualStudioVersion = 17.9.34723.18
MinimumVisualStudioVersion = 10.0.40219.1
Project("{FAE04EC0-301F-11D3-BF4B-00C04F79EFBC}") = "SwitchCase", "SwitchCase\SwitchCase.csproj", "{CD2D90C4-F700-4C90-8523-848679048DD6}"
EndProject
Global
	GlobalSection(SolutionConfigurationPlatforms) = preSolution
		Debug|Any CPU = Debug|Any CPU
		Release|Any CPU = Release|Any CPU
	EndGlobalSection
	GlobalSection(ProjectConfigurationPlatforms) = postSolution
		{CD2D90C4-F700-4C90-8523-848679048DD6}.Debug|Any CPU.ActiveCfg = Debug|Any CPU
		{CD2D90C4-F700-4C90-8523-848679048DD6}.Debug|Any CPU.Build.0 = Debug|Any CPU
		{CD2D90C4-F700-4C90-8523-848679048DD6}.Release|Any CPU.ActiveCfg = Release|Any CPU
		{CD2D90C4-F700-4C90-8523-848679048DD6}.Release|Any CPU.Build.0 = Release|Any CPU
	EndGlobalSection
	GlobalSection(SolutionProperties) = preSolution
		HideSolutionNode = FALSE
	EndGlobalSection
	GlobalSection(ExtensibilityGlobals) = postSolution
		SolutionGuid = {34934534-6E54-4C0C-95D1-92E6028F6373}
	EndGlobalSection
EndGlobal
