
Microsoft Visual Studio Solution File, Format Version 12.00
# Visual Studio Version 17
VisualStudioVersion = 17.9.34723.18
MinimumVisualStudioVersion = 10.0.40219.1
Project("{FAE04EC0-301F-11D3-BF4B-00C04F79EFBC}") = "cond4", "cond4\cond4.csproj", "{7190962A-C16A-4530-AA99-D2975F023840}"
EndProject
Global
	GlobalSection(SolutionConfigurationPlatforms) = preSolution
		Debug|Any CPU = Debug|Any CPU
		Release|Any CPU = Release|Any CPU
	EndGlobalSection
	GlobalSection(ProjectConfigurationPlatforms) = postSolution
		{7190962A-C16A-4530-AA99-D2975F023840}.Debug|Any CPU.ActiveCfg = Debug|Any CPU
		{7190962A-C16A-4530-AA99-D2975F023840}.Debug|Any CPU.Build.0 = Debug|Any CPU
		{7190962A-C16A-4530-AA99-D2975F023840}.Release|Any CPU.ActiveCfg = Release|Any CPU
		{7190962A-C16A-4530-AA99-D2975F023840}.Release|Any CPU.Build.0 = Release|Any CPU
	EndGlobalSection
	GlobalSection(SolutionProperties) = preSolution
		HideSolutionNode = FALSE
	EndGlobalSection
	GlobalSection(ExtensibilityGlobals) = postSolution
		SolutionGuid = {91447261-AAC0-4A5A-B850-F005859E352A}
	EndGlobalSection
EndGlobal
