
Microsoft Visual Studio Solution File, Format Version 12.00
# Visual Studio Version 17
VisualStudioVersion = 17.9.34723.18
MinimumVisualStudioVersion = 10.0.40219.1
Project("{FAE04EC0-301F-11D3-BF4B-00C04F79EFBC}") = "OrientacaoObjeto4", "OrientacaoObjeto4\OrientacaoObjeto4.csproj", "{2A73187E-4057-4EB3-B28D-D7696F42161C}"
EndProject
Global
	GlobalSection(SolutionConfigurationPlatforms) = preSolution
		Debug|Any CPU = Debug|Any CPU
		Release|Any CPU = Release|Any CPU
	EndGlobalSection
	GlobalSection(ProjectConfigurationPlatforms) = postSolution
		{2A73187E-4057-4EB3-B28D-D7696F42161C}.Debug|Any CPU.ActiveCfg = Debug|Any CPU
		{2A73187E-4057-4EB3-B28D-D7696F42161C}.Debug|Any CPU.Build.0 = Debug|Any CPU
		{2A73187E-4057-4EB3-B28D-D7696F42161C}.Release|Any CPU.ActiveCfg = Release|Any CPU
		{2A73187E-4057-4EB3-B28D-D7696F42161C}.Release|Any CPU.Build.0 = Release|Any CPU
	EndGlobalSection
	GlobalSection(SolutionProperties) = preSolution
		HideSolutionNode = FALSE
	EndGlobalSection
	GlobalSection(ExtensibilityGlobals) = postSolution
		SolutionGuid = {0322622F-CE7E-416F-BBBB-37904ACC45E5}
	EndGlobalSection
EndGlobal
