
Microsoft Visual Studio Solution File, Format Version 12.00
# Visual Studio Version 17
VisualStudioVersion = 17.9.34723.18
MinimumVisualStudioVersion = 10.0.40219.1
Project("{FAE04EC0-301F-11D3-BF4B-00C04F79EFBC}") = "EstruturaRept10", "EstruturaRept10\EstruturaRept10.csproj", "{23D74224-CE1A-4415-8FC7-6132E5272B15}"
EndProject
Global
	GlobalSection(SolutionConfigurationPlatforms) = preSolution
		Debug|Any CPU = Debug|Any CPU
		Release|Any CPU = Release|Any CPU
	EndGlobalSection
	GlobalSection(ProjectConfigurationPlatforms) = postSolution
		{23D74224-CE1A-4415-8FC7-6132E5272B15}.Debug|Any CPU.ActiveCfg = Debug|Any CPU
		{23D74224-CE1A-4415-8FC7-6132E5272B15}.Debug|Any CPU.Build.0 = Debug|Any CPU
		{23D74224-CE1A-4415-8FC7-6132E5272B15}.Release|Any CPU.ActiveCfg = Release|Any CPU
		{23D74224-CE1A-4415-8FC7-6132E5272B15}.Release|Any CPU.Build.0 = Release|Any CPU
	EndGlobalSection
	GlobalSection(SolutionProperties) = preSolution
		HideSolutionNode = FALSE
	EndGlobalSection
	GlobalSection(ExtensibilityGlobals) = postSolution
		SolutionGuid = {2B1B904D-8BF4-4E73-93C4-08B307501408}
	EndGlobalSection
EndGlobal
