
Microsoft Visual Studio Solution File, Format Version 12.00
# Visual Studio Version 17
VisualStudioVersion = 17.9.34723.18
MinimumVisualStudioVersion = 10.0.40219.1
Project("{FAE04EC0-301F-11D3-BF4B-00C04F79EFBC}") = "SortedSet", "SortedSet\SortedSet.csproj", "{F53013A0-E4C6-4BE0-A17C-7B94CA626A45}"
EndProject
Global
	GlobalSection(SolutionConfigurationPlatforms) = preSolution
		Debug|Any CPU = Debug|Any CPU
		Release|Any CPU = Release|Any CPU
	EndGlobalSection
	GlobalSection(ProjectConfigurationPlatforms) = postSolution
		{F53013A0-E4C6-4BE0-A17C-7B94CA626A45}.Debug|Any CPU.ActiveCfg = Debug|Any CPU
		{F53013A0-E4C6-4BE0-A17C-7B94CA626A45}.Debug|Any CPU.Build.0 = Debug|Any CPU
		{F53013A0-E4C6-4BE0-A17C-7B94CA626A45}.Release|Any CPU.ActiveCfg = Release|Any CPU
		{F53013A0-E4C6-4BE0-A17C-7B94CA626A45}.Release|Any CPU.Build.0 = Release|Any CPU
	EndGlobalSection
	GlobalSection(SolutionProperties) = preSolution
		HideSolutionNode = FALSE
	EndGlobalSection
	GlobalSection(ExtensibilityGlobals) = postSolution
		SolutionGuid = {2EE3BBF5-11D3-441A-B259-09994D8953DB}
	EndGlobalSection
EndGlobal
