
Microsoft Visual Studio Solution File, Format Version 12.00
# Visual Studio Version 17
VisualStudioVersion = 17.9.34723.18
MinimumVisualStudioVersion = 10.0.40219.1
Project("{FAE04EC0-301F-11D3-BF4B-00C04F79EFBC}") = "OrientacaoObjeto7", "OrientacaoObjeto7\OrientacaoObjeto7.csproj", "{541BC565-05D0-4FD2-AEF5-C2B4F988931A}"
EndProject
Global
	GlobalSection(SolutionConfigurationPlatforms) = preSolution
		Debug|Any CPU = Debug|Any CPU
		Release|Any CPU = Release|Any CPU
	EndGlobalSection
	GlobalSection(ProjectConfigurationPlatforms) = postSolution
		{541BC565-05D0-4FD2-AEF5-C2B4F988931A}.Debug|Any CPU.ActiveCfg = Debug|Any CPU
		{541BC565-05D0-4FD2-AEF5-C2B4F988931A}.Debug|Any CPU.Build.0 = Debug|Any CPU
		{541BC565-05D0-4FD2-AEF5-C2B4F988931A}.Release|Any CPU.ActiveCfg = Release|Any CPU
		{541BC565-05D0-4FD2-AEF5-C2B4F988931A}.Release|Any CPU.Build.0 = Release|Any CPU
	EndGlobalSection
	GlobalSection(SolutionProperties) = preSolution
		HideSolutionNode = FALSE
	EndGlobalSection
	GlobalSection(ExtensibilityGlobals) = postSolution
		SolutionGuid = {A959167C-564E-4AD3-8786-1F40CFDB641C}
	EndGlobalSection
EndGlobal
